{
  "requires": true,
  "lockfileVersion": 1,
  "dependencies": {
    "@minui/wxc-abnor": {
      "version": "1.0.7",
      "resolved": "http://registry.npm.taobao.org/@minui/wxc-abnor/download/@minui/wxc-abnor-1.0.7.tgz",
      "integrity": "sha1-8H+29vlWCCMjDj0Zgv5wLeZeCUM="
    },
    "@minui/wxc-tab": {
      "version": "1.0.7",
      "resolved": "https://registry.npmjs.org/@minui/wxc-tab/-/wxc-tab-1.0.7.tgz",
      "integrity": "sha512-cnkMy1fdFMG7rYmUjrwmFa5r8j9IoME2/Vh0cCldaFhr71ElnNM1/gk5g/hqRyp83N3F9ToS/AyJ6sTaoE0kGQ=="
    }
  }
}
